Microsoft Visual Studio Solution File, Format Version 12.00
# Visual Studio Version 17
VisualStudioVersion = 17.5.2.0
MinimumVisualStudioVersion = 10.0.40219.1
Project("{FAE04EC0-301F-11D3-BF4B-00C04F79EFBC}") = "JapanApp", "JapanApp.csproj", "{9F214B77-035E-3F82-6A46-4308F1287650}"
EndProject
Global
	GlobalSection(SolutionConfigurationPlatforms) = preSolution
		Debug|Any CPU = Debug|Any CPU
		Release|Any CPU = Release|Any CPU
	EndGlobalSection
	GlobalSection(ProjectConfigurationPlatforms) = postSolution
		{9F214B77-035E-3F82-6A46-4308F1287650}.Debug|Any CPU.ActiveCfg = Debug|Any CPU
		{9F214B77-035E-3F82-6A46-4308F1287650}.Debug|Any CPU.Build.0 = Debug|Any CPU
		{9F214B77-035E-3F82-6A46-4308F1287650}.Release|Any CPU.ActiveCfg = Release|Any CPU
		{9F214B77-035E-3F82-6A46-4308F1287650}.Release|Any CPU.Build.0 = Release|Any CPU
	EndGlobalSection
	GlobalSection(SolutionProperties) = preSolution
		HideSolutionNode = FALSE
	EndGlobalSection
	GlobalSection(ExtensibilityGlobals) = postSolution
		SolutionGuid = {6BDBDC8E-5FE0-4E45-B2AB-24E39F755A2E}
	EndGlobalSection
EndGlobal
